PODS:
  - app_settings (6.1.2):
    - Flutter
  - audio_session (0.0.1):
    - Flutter
  - device_info_plus (0.0.1):
    - Flutter
  - DKImagePickerController/Core (4.3.9):
    - DKImagePickerController/ImageDataManager
    - DKImagePickerController/Resource
  - DKImagePickerController/ImageDataManager (4.3.9)
  - DKImagePickerController/PhotoGallery (4.3.9):
    - DKImagePickerController/Core
    - DKPhotoGallery
  - DKImagePickerController/Resource (4.3.9)
  - DKPhotoGallery (0.0.19):
    - DKPhotoGallery/Core (= 0.0.19)
    - DKPhotoGallery/Model (= 0.0.19)
    - DKPhotoGallery/Preview (= 0.0.19)
    - DKPhotoGallery/Resource (= 0.0.19)
    - SDWebImage
    - SwiftyGif
  - DKPhotoGallery/Core (0.0.19):
    - DKPhotoGallery/Model
    - DKPhotoGallery/Preview
    - SDWebImage
    - SwiftyGif
  - DKPhotoGallery/Model (0.0.19):
    - SDWebImage
    - SwiftyGif
  - DKPhotoGallery/Preview (0.0.19):
    - DKPhotoGallery/Model
    - DKPhotoGallery/Resource
    - SDWebImage
    - SwiftyGif
  - DKPhotoGallery/Resource (0.0.19):
    - SDWebImage
    - SwiftyGif
  - file_picker (0.0.1):
    - DKImagePickerController/PhotoGallery
    - Flutter
  - Flutter (1.0.0)
  - flutter_downloader (0.0.1):
    - Flutter
  - flutter_local_notifications (0.0.1):
    - Flutter
  - geolocator_apple (1.2.0):
    - Flutter
    - FlutterMacOS
  - image_picker_ios (0.0.1):
    - Flutter
  - just_audio (0.0.1):
    - Flutter
    - FlutterMacOS
  - Mute (0.6.1)
  - package_info_plus (0.4.5):
    - Flutter
  - permission_handler_apple (9.3.0):
    - Flutter
  - record_ios (1.2.0):
    - Flutter
  - SDWebImage (5.21.0):
    - SDWebImage/Core (= 5.21.0)
  - SDWebImage/Core (5.21.0)
  - sound_mode (0.0.1):
    - Flutter
    - Mute (~> 0.6.0)
  - SwiftyGif (5.4.5)

DEPENDENCIES:
  - app_settings (from `.symlinks/plugins/app_settings/ios`)
  - audio_session (from `.symlinks/plugins/audio_session/ios`)
  - device_info_plus (from `.symlinks/plugins/device_info_plus/ios`)
  - file_picker (from `.symlinks/plugins/file_picker/ios`)
  - Flutter (from `Flutter`)
  - flutter_downloader (from `.symlinks/plugins/flutter_downloader/ios`)
  - flutter_local_notifications (from `.symlinks/plugins/flutter_local_notifications/ios`)
  - geolocator_apple (from `.symlinks/plugins/geolocator_apple/darwin`)
  - image_picker_ios (from `.symlinks/plugins/image_picker_ios/ios`)
  - just_audio (from `.symlinks/plugins/just_audio/darwin`)
  - package_info_plus (from `.symlinks/plugins/package_info_plus/ios`)
  - permission_handler_apple (from `.symlinks/plugins/permission_handler_apple/ios`)
  - record_ios (from `.symlinks/plugins/record_ios/ios`)
  - sound_mode (from `.symlinks/plugins/sound_mode/ios`)

SPEC REPOS:
  trunk:
    - DKImagePickerController
    - DKPhotoGallery
    - Mute
    - SDWebImage
    - SwiftyGif

EXTERNAL SOURCES:
  app_settings:
    :path: ".symlinks/plugins/app_settings/ios"
  audio_session:
    :path: ".symlinks/plugins/audio_session/ios"
  device_info_plus:
    :path: ".symlinks/plugins/device_info_plus/ios"
  file_picker:
    :path: ".symlinks/plugins/file_picker/ios"
  Flutter:
    :path: Flutter
  flutter_downloader:
    :path: ".symlinks/plugins/flutter_downloader/ios"
  flutter_local_notifications:
    :path: ".symlinks/plugins/flutter_local_notifications/ios"
  geolocator_apple:
    :path: ".symlinks/plugins/geolocator_apple/darwin"
  image_picker_ios:
    :path: ".symlinks/plugins/image_picker_ios/ios"
  just_audio:
    :path: ".symlinks/plugins/just_audio/darwin"
  package_info_plus:
    :path: ".symlinks/plugins/package_info_plus/ios"
  permission_handler_apple:
    :path: ".symlinks/plugins/permission_handler_apple/ios"
  record_ios:
    :path: ".symlinks/plugins/record_ios/ios"
  sound_mode:
    :path: ".symlinks/plugins/sound_mode/ios"

SPEC CHECKSUMS:
  app_settings: 0341ec6daa4f0c50f5a421bf0ad7c36084db6e90
  audio_session: 9bb7f6c970f21241b19f5a3658097ae459681ba0
  device_info_plus: 21fcca2080fbcd348be798aa36c3e5ed849eefbe
  DKImagePickerController: 946cec48c7873164274ecc4624d19e3da4c1ef3c
  DKPhotoGallery: b3834fecb755ee09a593d7c9e389d8b5d6deed60
  file_picker: a0560bc09d61de87f12d246fc47d2119e6ef37be
  Flutter: cabc95a1d2626b1b06e7179b784ebcf0c0cde467
  flutter_downloader: 78da0da1084e709cbfd3b723c7ea349c71681f09
  flutter_local_notifications: 643a3eda1ce1c0599413ca31672536d423dee214
  geolocator_apple: ab36aa0e8b7d7a2d7639b3b4e48308394e8cef5e
  image_picker_ios: e0ece4aa2a75771a7de3fa735d26d90817041326
  just_audio: 4e391f57b79cad2b0674030a00453ca5ce817eed
  Mute: 20135a96076f140cc82bfc8b810e2d6150d8ec7e
  package_info_plus: af8e2ca6888548050f16fa2f1938db7b5a5df499
  permission_handler_apple: 4ed2196e43d0651e8ff7ca3483a069d469701f2d
  record_ios: 412daca2350b228e698fffcd08f1f94ceb1e3844
  SDWebImage: f84b0feeb08d2d11e6a9b843cb06d75ebf5b8868
  sound_mode: 53bd43e2fb1f640571ea74931ca5efdea5ddfc97
  SwiftyGif: 706c60cf65fa2bc5ee0313beece843c8eb8194d4

PODFILE CHECKSUM: 6241ef874a64000751c4023ec7b46451e468d3c5

COCOAPODS: 1.16.2
